
Microsoft Visual Studio Solution File, Format Version 12.00
# Visual Studio Version 17
VisualStudioVersion = 17.11.35312.102
MinimumVisualStudioVersion = 10.0.40219.1
Project("{8BC9CEB8-8B4A-11D0-8D11-00A0C91BC942}") = "libwdi_tool", "libwdi_tool\libwdi_tool.vcxproj", "{A1BB40C3-DCCB-4921-87CD-882993AEE6FA}"
EndProject
Project("{8BC9CEB8-8B4A-11D0-8D11-00A0C91BC942}") = "embedder", "external\libwdi\libwdi\.msvc\embedder.vcxproj", "{792D44D5-28A7-4EB3-B84B-8021FE3189F9}"
EndProject
Project("{8BC9CEB8-8B4A-11D0-8D11-00A0C91BC942}") = "installer_x86", "external\libwdi\libwdi\.msvc\installer_x86.vcxproj", "{9B1C561E-F95B-4849-A7AA-A4350E227C20}"
EndProject
Project("{8BC9CEB8-8B4A-11D0-8D11-00A0C91BC942}") = "installer_x64", "external\libwdi\libwdi\.msvc\installer_x64.vcxproj", "{E5A56EE0-182F-470F-8CDC-8C1B7B86EE26}"
EndProject
Project("{8BC9CEB8-8B4A-11D0-8D11-00A0C91BC942}") = "installer_arm64", "external\libwdi\libwdi\.msvc\installer_arm64.vcxproj", "{6AC16F78-F266-4AE0-BD63-550A55F54C15}"
EndProject
Project("{8BC9CEB8-8B4A-11D0-8D11-00A0C91BC942}") = "libwdi (static)", "external\libwdi\libwdi\.msvc\libwdi_static.vcxproj", "{9AA0E745-1A0A-4700-8ECB-6A6DE9DBF8B9}"
EndProject
Global
	GlobalSection(SolutionConfigurationPlatforms) = preSolution
		Debug|ARM64 = Debug|ARM64
		Debug|x64 = Debug|x64
		Debug|x86 = Debug|x86
		Release|ARM64 = Release|ARM64
		Release|x64 = Release|x64
		Release|x86 = Release|x86
	EndGlobalSection
	GlobalSection(ProjectConfigurationPlatforms) = postSolution
		{A1BB40C3-DCCB-4921-87CD-882993AEE6FA}.Debug|ARM64.ActiveCfg = Debug|x64
		{A1BB40C3-DCCB-4921-87CD-882993AEE6FA}.Debug|ARM64.Build.0 = Debug|x64
		{A1BB40C3-DCCB-4921-87CD-882993AEE6FA}.Debug|x64.ActiveCfg = Debug|x64
		{A1BB40C3-DCCB-4921-87CD-882993AEE6FA}.Debug|x64.Build.0 = Debug|x64
		{A1BB40C3-DCCB-4921-87CD-882993AEE6FA}.Debug|x86.ActiveCfg = Debug|Win32
		{A1BB40C3-DCCB-4921-87CD-882993AEE6FA}.Debug|x86.Build.0 = Debug|Win32
		{A1BB40C3-DCCB-4921-87CD-882993AEE6FA}.Release|ARM64.ActiveCfg = Release|x64
		{A1BB40C3-DCCB-4921-87CD-882993AEE6FA}.Release|ARM64.Build.0 = Release|x64
		{A1BB40C3-DCCB-4921-87CD-882993AEE6FA}.Release|x64.ActiveCfg = Release|x64
		{A1BB40C3-DCCB-4921-87CD-882993AEE6FA}.Release|x64.Build.0 = Release|x64
		{A1BB40C3-DCCB-4921-87CD-882993AEE6FA}.Release|x86.ActiveCfg = Release|Win32
		{A1BB40C3-DCCB-4921-87CD-882993AEE6FA}.Release|x86.Build.0 = Release|Win32
		{792D44D5-28A7-4EB3-B84B-8021FE3189F9}.Debug|ARM64.ActiveCfg = Debug|Win32
		{792D44D5-28A7-4EB3-B84B-8021FE3189F9}.Debug|ARM64.Build.0 = Debug|Win32
		{792D44D5-28A7-4EB3-B84B-8021FE3189F9}.Debug|x64.ActiveCfg = Debug|Win32
		{792D44D5-28A7-4EB3-B84B-8021FE3189F9}.Debug|x64.Build.0 = Debug|Win32
		{792D44D5-28A7-4EB3-B84B-8021FE3189F9}.Debug|x86.ActiveCfg = Debug|Win32
		{792D44D5-28A7-4EB3-B84B-8021FE3189F9}.Debug|x86.Build.0 = Debug|Win32
		{792D44D5-28A7-4EB3-B84B-8021FE3189F9}.Release|ARM64.ActiveCfg = Release|Win32
		{792D44D5-28A7-4EB3-B84B-8021FE3189F9}.Release|ARM64.Build.0 = Release|Win32
		{792D44D5-28A7-4EB3-B84B-8021FE3189F9}.Release|x64.ActiveCfg = Release|Win32
		{792D44D5-28A7-4EB3-B84B-8021FE3189F9}.Release|x64.Build.0 = Release|Win32
		{792D44D5-28A7-4EB3-B84B-8021FE3189F9}.Release|x86.ActiveCfg = Release|Win32
		{792D44D5-28A7-4EB3-B84B-8021FE3189F9}.Release|x86.Build.0 = Release|Win32
		{9B1C561E-F95B-4849-A7AA-A4350E227C20}.Debug|ARM64.ActiveCfg = Debug|Win32
		{9B1C561E-F95B-4849-A7AA-A4350E227C20}.Debug|ARM64.Build.0 = Debug|Win32
		{9B1C561E-F95B-4849-A7AA-A4350E227C20}.Debug|x64.ActiveCfg = Debug|Win32
		{9B1C561E-F95B-4849-A7AA-A4350E227C20}.Debug|x64.Build.0 = Debug|Win32
		{9B1C561E-F95B-4849-A7AA-A4350E227C20}.Debug|x86.ActiveCfg = Debug|Win32
		{9B1C561E-F95B-4849-A7AA-A4350E227C20}.Debug|x86.Build.0 = Debug|Win32
		{9B1C561E-F95B-4849-A7AA-A4350E227C20}.Release|ARM64.ActiveCfg = Release|Win32
		{9B1C561E-F95B-4849-A7AA-A4350E227C20}.Release|ARM64.Build.0 = Release|Win32
		{9B1C561E-F95B-4849-A7AA-A4350E227C20}.Release|x64.ActiveCfg = Release|Win32
		{9B1C561E-F95B-4849-A7AA-A4350E227C20}.Release|x64.Build.0 = Release|Win32
		{9B1C561E-F95B-4849-A7AA-A4350E227C20}.Release|x86.ActiveCfg = Release|Win32
		{9B1C561E-F95B-4849-A7AA-A4350E227C20}.Release|x86.Build.0 = Release|Win32
		{E5A56EE0-182F-470F-8CDC-8C1B7B86EE26}.Debug|ARM64.ActiveCfg = Debug|x64
		{E5A56EE0-182F-470F-8CDC-8C1B7B86EE26}.Debug|ARM64.Build.0 = Debug|x64
		{E5A56EE0-182F-470F-8CDC-8C1B7B86EE26}.Debug|x64.ActiveCfg = Debug|x64
		{E5A56EE0-182F-470F-8CDC-8C1B7B86EE26}.Debug|x64.Build.0 = Debug|x64
		{E5A56EE0-182F-470F-8CDC-8C1B7B86EE26}.Debug|x86.ActiveCfg = Debug|x64
		{E5A56EE0-182F-470F-8CDC-8C1B7B86EE26}.Debug|x86.Build.0 = Debug|x64
		{E5A56EE0-182F-470F-8CDC-8C1B7B86EE26}.Release|ARM64.ActiveCfg = Release|x64
		{E5A56EE0-182F-470F-8CDC-8C1B7B86EE26}.Release|ARM64.Build.0 = Release|x64
		{E5A56EE0-182F-470F-8CDC-8C1B7B86EE26}.Release|x64.ActiveCfg = Release|x64
		{E5A56EE0-182F-470F-8CDC-8C1B7B86EE26}.Release|x64.Build.0 = Release|x64
		{E5A56EE0-182F-470F-8CDC-8C1B7B86EE26}.Release|x86.ActiveCfg = Release|x64
		{E5A56EE0-182F-470F-8CDC-8C1B7B86EE26}.Release|x86.Build.0 = Release|x64
		{6AC16F78-F266-4AE0-BD63-550A55F54C15}.Debug|ARM64.ActiveCfg = Debug|ARM64
		{6AC16F78-F266-4AE0-BD63-550A55F54C15}.Debug|ARM64.Build.0 = Debug|ARM64
		{6AC16F78-F266-4AE0-BD63-550A55F54C15}.Debug|x64.ActiveCfg = Debug|ARM64
		{6AC16F78-F266-4AE0-BD63-550A55F54C15}.Debug|x64.Build.0 = Debug|ARM64
		{6AC16F78-F266-4AE0-BD63-550A55F54C15}.Debug|x86.ActiveCfg = Debug|ARM64
		{6AC16F78-F266-4AE0-BD63-550A55F54C15}.Debug|x86.Build.0 = Debug|ARM64
		{6AC16F78-F266-4AE0-BD63-550A55F54C15}.Release|ARM64.ActiveCfg = Release|ARM64
		{6AC16F78-F266-4AE0-BD63-550A55F54C15}.Release|ARM64.Build.0 = Release|ARM64
		{6AC16F78-F266-4AE0-BD63-550A55F54C15}.Release|x64.ActiveCfg = Release|ARM64
		{6AC16F78-F266-4AE0-BD63-550A55F54C15}.Release|x64.Build.0 = Release|ARM64
		{6AC16F78-F266-4AE0-BD63-550A55F54C15}.Release|x86.ActiveCfg = Release|ARM64
		{6AC16F78-F266-4AE0-BD63-550A55F54C15}.Release|x86.Build.0 = Release|ARM64
		{9AA0E745-1A0A-4700-8ECB-6A6DE9DBF8B9}.Debug|ARM64.ActiveCfg = Debug|x64
		{9AA0E745-1A0A-4700-8ECB-6A6DE9DBF8B9}.Debug|ARM64.Build.0 = Debug|x64
		{9AA0E745-1A0A-4700-8ECB-6A6DE9DBF8B9}.Debug|x64.ActiveCfg = Debug|x64
		{9AA0E745-1A0A-4700-8ECB-6A6DE9DBF8B9}.Debug|x64.Build.0 = Debug|x64
		{9AA0E745-1A0A-4700-8ECB-6A6DE9DBF8B9}.Debug|x86.ActiveCfg = Debug|Win32
		{9AA0E745-1A0A-4700-8ECB-6A6DE9DBF8B9}.Debug|x86.Build.0 = Debug|Win32
		{9AA0E745-1A0A-4700-8ECB-6A6DE9DBF8B9}.Release|ARM64.ActiveCfg = Release|x64
		{9AA0E745-1A0A-4700-8ECB-6A6DE9DBF8B9}.Release|ARM64.Build.0 = Release|x64
		{9AA0E745-1A0A-4700-8ECB-6A6DE9DBF8B9}.Release|x64.ActiveCfg = Release|x64
		{9AA0E745-1A0A-4700-8ECB-6A6DE9DBF8B9}.Release|x64.Build.0 = Release|x64
		{9AA0E745-1A0A-4700-8ECB-6A6DE9DBF8B9}.Release|x86.ActiveCfg = Release|Win32
		{9AA0E745-1A0A-4700-8ECB-6A6DE9DBF8B9}.Release|x86.Build.0 = Release|Win32
	EndGlobalSection
	GlobalSection(SolutionProperties) = preSolution
		HideSolutionNode = FALSE
	EndGlobalSection
	GlobalSection(ExtensibilityGlobals) = postSolution
		SolutionGuid = {7718F0BB-43ED-4895-B555-971598B300D0}
	EndGlobalSection
EndGlobal
